
Microsoft Visual Studio Solution File, Format Version 12.00
# Visual Studio Express 14 for Web
VisualStudioVersion = 14.0.23107.0
MinimumVisualStudioVersion = 10.0.40219.1
Project("{FAE04EC0-301F-11D3-BF4B-00C04F79EFBC}") = "PartyInvites", "PartyInvites\PartyInvites.csproj", "{E8EB193A-A4D1-4A11-B791-ACB69DCBB12F}"
EndProject
Global
	GlobalSection(SolutionConfigurationPlatforms) = preSolution
		Debug|Any CPU = Debug|Any CPU
		Release|Any CPU = Release|Any CPU
	EndGlobalSection
	GlobalSection(ProjectConfigurationPlatforms) = postSolution
		{E8EB193A-A4D1-4A11-B791-ACB69DCBB12F}.Debug|Any CPU.ActiveCfg = Debug|Any CPU
		{E8EB193A-A4D1-4A11-B791-ACB69DCBB12F}.Debug|Any CPU.Build.0 = Debug|Any CPU
		{E8EB193A-A4D1-4A11-B791-ACB69DCBB12F}.Release|Any CPU.ActiveCfg = Release|Any CPU
		{E8EB193A-A4D1-4A11-B791-ACB69DCBB12F}.Release|Any CPU.Build.0 = Release|Any CPU
	EndGlobalSection
	GlobalSection(SolutionProperties) = preSolution
		HideSolutionNode = FALSE
	EndGlobalSection
EndGlobal
